Microsoft Visual Studio Solution File, Format Version 12.00
# Visual Studio Version 17
VisualStudioVersion = 17.9.34622.214
MinimumVisualStudioVersion = 10.0.40219.1
Project("{9A19103F-16F7-4668-BE54-9A1E7A4F7556}") = "TextHelper", "TextHelper\TextHelper.csproj", "{FC4D0793-EDCB-46FF-8948-09A24BEB1EB8}"
EndProject
Project("{C7167F0D-BC9F-4E6E-AFE1-012C56B48DB5}") = "TextHelper.App.Package", "TextHelper.App.Package\TextHelper.App.Package.wapproj", "{6E0DA9BB-FFF4-4929-A755-008BF2DFD472}"
EndProject
Project("{FAE04EC0-301F-11D3-BF4B-00C04F79EFBC}") = "TextHelper.Tests", "TextHelper.Tests\TextHelper.Tests.csproj", "{411F4848-9E54-45F6-8BD6-AB339019668D}"
EndProject
Global
	GlobalSection(SolutionConfigurationPlatforms) = preSolution
		Debug|Any CPU = Debug|Any CPU
		Debug|ARM = Debug|ARM
		Debug|ARM64 = Debug|ARM64
		Debug|x64 = Debug|x64
		Debug|x86 = Debug|x86
		Release|Any CPU = Release|Any CPU
		Release|ARM = Release|ARM
		Release|ARM64 = Release|ARM64
		Release|x64 = Release|x64
		Release|x86 = Release|x86
	EndGlobalSection
	GlobalSection(ProjectConfigurationPlatforms) = postSolution
		{FC4D0793-EDCB-46FF-8948-09A24BEB1EB8}.Debug|Any CPU.ActiveCfg = Debug|Any CPU
		{FC4D0793-EDCB-46FF-8948-09A24BEB1EB8}.Debug|Any CPU.Build.0 = Debug|Any CPU
		{FC4D0793-EDCB-46FF-8948-09A24BEB1EB8}.Debug|ARM.ActiveCfg = Debug|Any CPU
		{FC4D0793-EDCB-46FF-8948-09A24BEB1EB8}.Debug|ARM.Build.0 = Debug|Any CPU
		{FC4D0793-EDCB-46FF-8948-09A24BEB1EB8}.Debug|ARM64.ActiveCfg = Debug|Any CPU
		{FC4D0793-EDCB-46FF-8948-09A24BEB1EB8}.Debug|ARM64.Build.0 = Debug|Any CPU
		{FC4D0793-EDCB-46FF-8948-09A24BEB1EB8}.Debug|x64.ActiveCfg = Debug|Any CPU
		{FC4D0793-EDCB-46FF-8948-09A24BEB1EB8}.Debug|x64.Build.0 = Debug|Any CPU
		{FC4D0793-EDCB-46FF-8948-09A24BEB1EB8}.Debug|x86.ActiveCfg = Debug|Any CPU
		{FC4D0793-EDCB-46FF-8948-09A24BEB1EB8}.Debug|x86.Build.0 = Debug|Any CPU
		{FC4D0793-EDCB-46FF-8948-09A24BEB1EB8}.Release|Any CPU.ActiveCfg = Release|Any CPU
		{FC4D0793-EDCB-46FF-8948-09A24BEB1EB8}.Release|Any CPU.Build.0 = Release|Any CPU
		{FC4D0793-EDCB-46FF-8948-09A24BEB1EB8}.Release|ARM.ActiveCfg = Release|Any CPU
		{FC4D0793-EDCB-46FF-8948-09A24BEB1EB8}.Release|ARM.Build.0 = Release|Any CPU
		{FC4D0793-EDCB-46FF-8948-09A24BEB1EB8}.Release|ARM64.ActiveCfg = Release|Any CPU
		{FC4D0793-EDCB-46FF-8948-09A24BEB1EB8}.Release|ARM64.Build.0 = Release|Any CPU
		{FC4D0793-EDCB-46FF-8948-09A24BEB1EB8}.Release|x64.ActiveCfg = Release|Any CPU
		{FC4D0793-EDCB-46FF-8948-09A24BEB1EB8}.Release|x64.Build.0 = Release|Any CPU
		{FC4D0793-EDCB-46FF-8948-09A24BEB1EB8}.Release|x86.ActiveCfg = Release|Any CPU
		{FC4D0793-EDCB-46FF-8948-09A24BEB1EB8}.Release|x86.Build.0 = Release|Any CPU
		{6E0DA9BB-FFF4-4929-A755-008BF2DFD472}.Debug|Any CPU.ActiveCfg = Debug|Any CPU
		{6E0DA9BB-FFF4-4929-A755-008BF2DFD472}.Debug|Any CPU.Build.0 = Debug|Any CPU
		{6E0DA9BB-FFF4-4929-A755-008BF2DFD472}.Debug|Any CPU.Deploy.0 = Debug|Any CPU
		{6E0DA9BB-FFF4-4929-A755-008BF2DFD472}.Debug|ARM.ActiveCfg = Debug|ARM
		{6E0DA9BB-FFF4-4929-A755-008BF2DFD472}.Debug|ARM.Build.0 = Debug|ARM
		{6E0DA9BB-FFF4-4929-A755-008BF2DFD472}.Debug|ARM.Deploy.0 = Debug|ARM
		{6E0DA9BB-FFF4-4929-A755-008BF2DFD472}.Debug|ARM64.ActiveCfg = Debug|ARM64
		{6E0DA9BB-FFF4-4929-A755-008BF2DFD472}.Debug|ARM64.Build.0 = Debug|ARM64
		{6E0DA9BB-FFF4-4929-A755-008BF2DFD472}.Debug|ARM64.Deploy.0 = Debug|ARM64
		{6E0DA9BB-FFF4-4929-A755-008BF2DFD472}.Debug|x64.ActiveCfg = Debug|x64
		{6E0DA9BB-FFF4-4929-A755-008BF2DFD472}.Debug|x64.Build.0 = Debug|x64
		{6E0DA9BB-FFF4-4929-A755-008BF2DFD472}.Debug|x64.Deploy.0 = Debug|x64
		{6E0DA9BB-FFF4-4929-A755-008BF2DFD472}.Debug|x86.ActiveCfg = Debug|x86
		{6E0DA9BB-FFF4-4929-A755-008BF2DFD472}.Debug|x86.Build.0 = Debug|x86
		{6E0DA9BB-FFF4-4929-A755-008BF2DFD472}.Debug|x86.Deploy.0 = Debug|x86
		{6E0DA9BB-FFF4-4929-A755-008BF2DFD472}.Release|Any CPU.ActiveCfg = Release|Any CPU
		{6E0DA9BB-FFF4-4929-A755-008BF2DFD472}.Release|Any CPU.Build.0 = Release|Any CPU
		{6E0DA9BB-FFF4-4929-A755-008BF2DFD472}.Release|Any CPU.Deploy.0 = Release|Any CPU
		{6E0DA9BB-FFF4-4929-A755-008BF2DFD472}.Release|ARM.ActiveCfg = Release|ARM
		{6E0DA9BB-FFF4-4929-A755-008BF2DFD472}.Release|ARM.Build.0 = Release|ARM
		{6E0DA9BB-FFF4-4929-A755-008BF2DFD472}.Release|ARM.Deploy.0 = Release|ARM
		{6E0DA9BB-FFF4-4929-A755-008BF2DFD472}.Release|ARM64.ActiveCfg = Release|ARM64
		{6E0DA9BB-FFF4-4929-A755-008BF2DFD472}.Release|ARM64.Build.0 = Release|ARM64
		{6E0DA9BB-FFF4-4929-A755-008BF2DFD472}.Release|ARM64.Deploy.0 = Release|ARM64
		{6E0DA9BB-FFF4-4929-A755-008BF2DFD472}.Release|x64.ActiveCfg = Release|x64
		{6E0DA9BB-FFF4-4929-A755-008BF2DFD472}.Release|x64.Build.0 = Release|x64
		{6E0DA9BB-FFF4-4929-A755-008BF2DFD472}.Release|x64.Deploy.0 = Release|x64
		{6E0DA9BB-FFF4-4929-A755-008BF2DFD472}.Release|x86.ActiveCfg = Release|x86
		{6E0DA9BB-FFF4-4929-A755-008BF2DFD472}.Release|x86.Build.0 = Release|x86
		{6E0DA9BB-FFF4-4929-A755-008BF2DFD472}.Release|x86.Deploy.0 = Release|x86
		{411F4848-9E54-45F6-8BD6-AB339019668D}.Debug|Any CPU.ActiveCfg = Debug|Any CPU
		{411F4848-9E54-45F6-8BD6-AB339019668D}.Debug|Any CPU.Build.0 = Debug|Any CPU
		{411F4848-9E54-45F6-8BD6-AB339019668D}.Debug|ARM.ActiveCfg = Debug|Any CPU
		{411F4848-9E54-45F6-8BD6-AB339019668D}.Debug|ARM.Build.0 = Debug|Any CPU
		{411F4848-9E54-45F6-8BD6-AB339019668D}.Debug|ARM64.ActiveCfg = Debug|Any CPU
		{411F4848-9E54-45F6-8BD6-AB339019668D}.Debug|ARM64.Build.0 = Debug|Any CPU
		{411F4848-9E54-45F6-8BD6-AB339019668D}.Debug|x64.ActiveCfg = Debug|Any CPU
		{411F4848-9E54-45F6-8BD6-AB339019668D}.Debug|x64.Build.0 = Debug|Any CPU
		{411F4848-9E54-45F6-8BD6-AB339019668D}.Debug|x86.ActiveCfg = Debug|Any CPU
		{411F4848-9E54-45F6-8BD6-AB339019668D}.Debug|x86.Build.0 = Debug|Any CPU
		{411F4848-9E54-45F6-8BD6-AB339019668D}.Release|Any CPU.ActiveCfg = Release|Any CPU
		{411F4848-9E54-45F6-8BD6-AB339019668D}.Release|Any CPU.Build.0 = Release|Any CPU
		{411F4848-9E54-45F6-8BD6-AB339019668D}.Release|ARM.ActiveCfg = Release|Any CPU
		{411F4848-9E54-45F6-8BD6-AB339019668D}.Release|ARM.Build.0 = Release|Any CPU
		{411F4848-9E54-45F6-8BD6-AB339019668D}.Release|ARM64.ActiveCfg = Release|Any CPU
		{411F4848-9E54-45F6-8BD6-AB339019668D}.Release|ARM64.Build.0 = Release|Any CPU
		{411F4848-9E54-45F6-8BD6-AB339019668D}.Release|x64.ActiveCfg = Release|Any CPU
		{411F4848-9E54-45F6-8BD6-AB339019668D}.Release|x64.Build.0 = Release|Any CPU
		{411F4848-9E54-45F6-8BD6-AB339019668D}.Release|x86.ActiveCfg = Release|Any CPU
		{411F4848-9E54-45F6-8BD6-AB339019668D}.Release|x86.Build.0 = Release|Any CPU
	EndGlobalSection
	GlobalSection(SolutionProperties) = preSolution
		HideSolutionNode = FALSE
	EndGlobalSection
	GlobalSection(ExtensibilityGlobals) = postSolution
		SolutionGuid = {F5155345-8BB1-4EB2-9DBF-F81788801D4C}
	EndGlobalSection
EndGlobal
